
Microsoft Visual Studio Solution File, Format Version 12.00
# Visual Studio Version 17
VisualStudioVersion = 17.13.35825.156 d17.13
MinimumVisualStudioVersion = 10.0.40219.1
Project("{FAE04EC0-301F-11D3-BF4B-00C04F79EFBC}") = "Library", "Library\Library.csproj", "{A569DB8A-AD22-4DAB-8C0E-13CA102C398E}"
EndProject
Global
	GlobalSection(SolutionConfigurationPlatforms) = preSolution
		Debug|Any CPU = Debug|Any CPU
		Release|Any CPU = Release|Any CPU
	EndGlobalSection
	GlobalSection(ProjectConfigurationPlatforms) = postSolution
		{A569DB8A-AD22-4DAB-8C0E-13CA102C398E}.Debug|Any CPU.ActiveCfg = Debug|Any CPU
		{A569DB8A-AD22-4DAB-8C0E-13CA102C398E}.Debug|Any CPU.Build.0 = Debug|Any CPU
		{A569DB8A-AD22-4DAB-8C0E-13CA102C398E}.Release|Any CPU.ActiveCfg = Release|Any CPU
		{A569DB8A-AD22-4DAB-8C0E-13CA102C398E}.Release|Any CPU.Build.0 = Release|Any CPU
	EndGlobalSection
	GlobalSection(SolutionProperties) = preSolution
		HideSolutionNode = FALSE
	EndGlobalSection
	GlobalSection(ExtensibilityGlobals) = postSolution
		SolutionGuid = {D4B54E10-7BDF-4D0F-9CF0-1F2BAEAF1B92}
	EndGlobalSection
EndGlobal
